
Microsoft Visual Studio Solution File, Format Version 12.00
# Visual Studio 15
VisualStudioVersion = 15.0.27130.2026
MinimumVisualStudioVersion = 10.0.40219.1
Project("{8BC9CEB8-8B4A-11D0-8D11-00A0C91BC942}") = "Tarea2", "Tarea2\Tarea2.vcxproj", "{F5FE5254-3FF8-42A1-B28C-E42BDA9986D8}"
EndProject
Project("{8BC9CEB8-8B4A-11D0-8D11-00A0C91BC942}") = "Tarea 2.2", "Tarea 2.2\Tarea 2.2.vcxproj", "{DFFF8F0E-364A-4D2B-B7F0-E2630A4FF35D}"
EndProject
Global
	GlobalSection(SolutionConfigurationPlatforms) = preSolution
		Debug|x64 = Debug|x64
		Debug|x86 = Debug|x86
		Release|x64 = Release|x64
		Release|x86 = Release|x86
	EndGlobalSection
	GlobalSection(ProjectConfigurationPlatforms) = postSolution
		{F5FE5254-3FF8-42A1-B28C-E42BDA9986D8}.Debug|x64.ActiveCfg = Debug|x64
		{F5FE5254-3FF8-42A1-B28C-E42BDA9986D8}.Debug|x64.Build.0 = Debug|x64
		{F5FE5254-3FF8-42A1-B28C-E42BDA9986D8}.Debug|x86.ActiveCfg = Debug|Win32
		{F5FE5254-3FF8-42A1-B28C-E42BDA9986D8}.Debug|x86.Build.0 = Debug|Win32
		{F5FE5254-3FF8-42A1-B28C-E42BDA9986D8}.Release|x64.ActiveCfg = Release|x64
		{F5FE5254-3FF8-42A1-B28C-E42BDA9986D8}.Release|x64.Build.0 = Release|x64
		{F5FE5254-3FF8-42A1-B28C-E42BDA9986D8}.Release|x86.ActiveCfg = Release|Win32
		{F5FE5254-3FF8-42A1-B28C-E42BDA9986D8}.Release|x86.Build.0 = Release|Win32
		{DFFF8F0E-364A-4D2B-B7F0-E2630A4FF35D}.Debug|x64.ActiveCfg = Debug|x64
		{DFFF8F0E-364A-4D2B-B7F0-E2630A4FF35D}.Debug|x64.Build.0 = Debug|x64
		{DFFF8F0E-364A-4D2B-B7F0-E2630A4FF35D}.Debug|x86.ActiveCfg = Debug|Win32
		{DFFF8F0E-364A-4D2B-B7F0-E2630A4FF35D}.Debug|x86.Build.0 = Debug|Win32
		{DFFF8F0E-364A-4D2B-B7F0-E2630A4FF35D}.Release|x64.ActiveCfg = Release|x64
		{DFFF8F0E-364A-4D2B-B7F0-E2630A4FF35D}.Release|x64.Build.0 = Release|x64
		{DFFF8F0E-364A-4D2B-B7F0-E2630A4FF35D}.Release|x86.ActiveCfg = Release|Win32
		{DFFF8F0E-364A-4D2B-B7F0-E2630A4FF35D}.Release|x86.Build.0 = Release|Win32
	EndGlobalSection
	GlobalSection(SolutionProperties) = preSolution
		HideSolutionNode = FALSE
	EndGlobalSection
	GlobalSection(ExtensibilityGlobals) = postSolution
		SolutionGuid = {70A7BD93-7F85-45BD-8817-679FF83C9785}
	EndGlobalSection
EndGlobal
